
Microsoft Visual Studio Solution File, Format Version 12.00
# Visual Studio Version 17
VisualStudioVersion = 17.9.34728.123
MinimumVisualStudioVersion = 10.0.40219.1
Project("{FAE04EC0-301F-11D3-BF4B-00C04F79EFBC}") = "AD.BlazorWasmStarter", "AD.BlazorWasmStarter\AD.BlazorWasmStarter.csproj", "{40CA4B87-5C81-458D-95E5-2923EC67A535}"
EndProject
Global
	GlobalSection(SolutionConfigurationPlatforms) = preSolution
		Debug|Any CPU = Debug|Any CPU
		Release|Any CPU = Release|Any CPU
	EndGlobalSection
	GlobalSection(ProjectConfigurationPlatforms) = postSolution
		{40CA4B87-5C81-458D-95E5-2923EC67A535}.Debug|Any CPU.ActiveCfg = Debug|Any CPU
		{40CA4B87-5C81-458D-95E5-2923EC67A535}.Debug|Any CPU.Build.0 = Debug|Any CPU
		{40CA4B87-5C81-458D-95E5-2923EC67A535}.Release|Any CPU.ActiveCfg = Release|Any CPU
		{40CA4B87-5C81-458D-95E5-2923EC67A535}.Release|Any CPU.Build.0 = Release|Any CPU
	EndGlobalSection
	GlobalSection(SolutionProperties) = preSolution
		HideSolutionNode = FALSE
	EndGlobalSection
	GlobalSection(ExtensibilityGlobals) = postSolution
		SolutionGuid = {2902A686-03B6-472D-82DA-E0A4FE6D30BE}
	EndGlobalSection
EndGlobal
